
Microsoft Visual Studio Solution File, Format Version 12.00
# Visual Studio Version 16
VisualStudioVersion = 16.0.29709.97
MinimumVisualStudioVersion = 10.0.40219.1
Project("{FAE04EC0-301F-11D3-BF4B-00C04F79EFBC}") = "Lab8GettoKnowYourClassmates", "Lab8GettoKnowYourClassmates\Lab8GettoKnowYourClassmates.csproj", "{89A1CE3C-5358-4BD1-BCB6-260BD0BA2EF1}"
EndProject
Global
	GlobalSection(SolutionConfigurationPlatforms) = preSolution
		Debug|Any CPU = Debug|Any CPU
		Release|Any CPU = Release|Any CPU
	EndGlobalSection
	GlobalSection(ProjectConfigurationPlatforms) = postSolution
		{89A1CE3C-5358-4BD1-BCB6-260BD0BA2EF1}.Debug|Any CPU.ActiveCfg = Debug|Any CPU
		{89A1CE3C-5358-4BD1-BCB6-260BD0BA2EF1}.Debug|Any CPU.Build.0 = Debug|Any CPU
		{89A1CE3C-5358-4BD1-BCB6-260BD0BA2EF1}.Release|Any CPU.ActiveCfg = Release|Any CPU
		{89A1CE3C-5358-4BD1-BCB6-260BD0BA2EF1}.Release|Any CPU.Build.0 = Release|Any CPU
	EndGlobalSection
	GlobalSection(SolutionProperties) = preSolution
		HideSolutionNode = FALSE
	EndGlobalSection
	GlobalSection(ExtensibilityGlobals) = postSolution
		SolutionGuid = {DAA44D44-E7AD-4A1E-94D1-D24725856156}
	EndGlobalSection
EndGlobal
